
Microsoft Visual Studio Solution File, Format Version 12.00
# Visual Studio Version 16
VisualStudioVersion = 16.0.31205.134
MinimumVisualStudioVersion = 10.0.40219.1
Project("{FAE04EC0-301F-11D3-BF4B-00C04F79EFBC}") = "unitConversions", "unitConversions\unitConversions.csproj", "{C1D83029-5FC3-4628-93D0-E0F829E0169A}"
EndProject
Global
	GlobalSection(SolutionConfigurationPlatforms) = preSolution
		Debug|Any CPU = Debug|Any CPU
		Release|Any CPU = Release|Any CPU
	EndGlobalSection
	GlobalSection(ProjectConfigurationPlatforms) = postSolution
		{C1D83029-5FC3-4628-93D0-E0F829E0169A}.Debug|Any CPU.ActiveCfg = Debug|Any CPU
		{C1D83029-5FC3-4628-93D0-E0F829E0169A}.Debug|Any CPU.Build.0 = Debug|Any CPU
		{C1D83029-5FC3-4628-93D0-E0F829E0169A}.Release|Any CPU.ActiveCfg = Release|Any CPU
		{C1D83029-5FC3-4628-93D0-E0F829E0169A}.Release|Any CPU.Build.0 = Release|Any CPU
	EndGlobalSection
	GlobalSection(SolutionProperties) = preSolution
		HideSolutionNode = FALSE
	EndGlobalSection
	GlobalSection(ExtensibilityGlobals) = postSolution
		SolutionGuid = {40EEA8FA-1F2A-4D9F-BBD0-75ED5F5A078D}
	EndGlobalSection
EndGlobal
